// !$*UTF8*$!
{
	archiveVersion = 1;
	classes = {
	};
	objectVersion = 56;
	objects = {

/* Begin PBXBuildFile section */
		04E3835529695FCF0070AC9B /* FeedbackApp.swift in Sources */ = {isa = PBXBuildFile; fileRef = 04E3835429695FCF0070AC9B /* FeedbackApp.swift */; };
		04E3835929695FD00070AC9B /* Assets.xcassets in Resources */ = {isa = PBXBuildFile; fileRef = 04E3835829695FD00070AC9B /* Assets.xcassets */; };
		04E383652969607C0070AC9B /* RootView.swift in Sources */ = {isa = PBXBuildFile; fileRef = 04E383642969607C0070AC9B /* RootView.swift */; };
		04E38367296960A10070AC9B /* View.swift in Sources */ = {isa = PBXBuildFile; fileRef = 04E38366296960A10070AC9B /* View.swift */; };
		04E38369296961340070AC9B /* Font.swift in Sources */ = {isa = PBXBuildFile; fileRef = 04E38368296961340070AC9B /* Font.swift */; };
		04E3836E296962D90070AC9B /* ScanView.swift in Sources */ = {isa = PBXBuildFile; fileRef = 04E3836D296962D90070AC9B /* ScanView.swift */; };
		04E38374296963990070AC9B /* Haptics.swift in Sources */ = {isa = PBXBuildFile; fileRef = 04E38373296963990070AC9B /* Haptics.swift */; };
		04E383762969672E0070AC9B /* CompanyLogoView.swift in Sources */ = {isa = PBXBuildFile; fileRef = 04E383752969672E0070AC9B /* CompanyLogoView.swift */; };
		04E38378296968A10070AC9B /* FeedbackView.swift in Sources */ = {isa = PBXBuildFile; fileRef = 04E38377296968A10070AC9B /* FeedbackView.swift */; };
		04E3837A296969D70070AC9B /* String.swift in Sources */ = {isa = PBXBuildFile; fileRef = 04E38379296969D70070AC9B /* String.swift */; };
		04E3837C29696AB10070AC9B /* SuccessView.swift in Sources */ = {isa = PBXBuildFile; fileRef = 04E3837B29696AB10070AC9B /* SuccessView.swift */; };
		04E38380296973BC0070AC9B /* NameView.swift in Sources */ = {isa = PBXBuildFile; fileRef = 04E3837F296973BC0070AC9B /* NameView.swift */; };
		04E383822969754E0070AC9B /* LogoView.swift in Sources */ = {isa = PBXBuildFile; fileRef = 04E383812969754E0070AC9B /* LogoView.swift */; };
		04E38384296976140070AC9B /* PhotoPicker.swift in Sources */ = {isa = PBXBuildFile; fileRef = 04E38383296976140070AC9B /* PhotoPicker.swift */; };
		04E38386296979990070AC9B /* ConfirmLogoView.swift in Sources */ = {isa = PBXBuildFile; fileRef = 04E38385296979990070AC9B /* ConfirmLogoView.swift */; };
		04E3838C2969C8C00070AC9B /* Feedback.swift in Sources */ = {isa = PBXBuildFile; fileRef = 04E3838B2969C8C00070AC9B /* Feedback.swift */; };
		04E3838E2969C9580070AC9B /* Collection.swift in Sources */ = {isa = PBXBuildFile; fileRef = 04E3838D2969C9580070AC9B /* Collection.swift */; };
		04E383902969CC740070AC9B /* Company.swift in Sources */ = {isa = PBXBuildFile; fileRef = 04E3838F2969CC740070AC9B /* Company.swift */; };
		04E383922969CE190070AC9B /* SendVM.swift in Sources */ = {isa = PBXBuildFile; fileRef = 04E383912969CE190070AC9B /* SendVM.swift */; };
		04E383942969CEC30070AC9B /* FeedbacksVM.swift in Sources */ = {isa = PBXBuildFile; fileRef = 04E383932969CEC30070AC9B /* FeedbacksVM.swift */; };
		04E383962969CECA0070AC9B /* CompaniesVM.swift in Sources */ = {isa = PBXBuildFile; fileRef = 04E383952969CECA0070AC9B /* CompaniesVM.swift */; };
		04E3839E296CD2710070AC9B /* FirebaseAuth in Frameworks */ = {isa = PBXBuildFile; productRef = 04E3839D296CD2710070AC9B /* FirebaseAuth */; };
		04E383A0296CD2710070AC9B /* FirebaseFirestore in Frameworks */ = {isa = PBXBuildFile; productRef = 04E3839F296CD2710070AC9B /* FirebaseFirestore */; };
		04E383A2296CD2710070AC9B /* FirebaseStorage in Frameworks */ = {isa = PBXBuildFile; productRef = 04E383A1296CD2710070AC9B /* FirebaseStorage */; };
/* End PBXBuildFile section */

/* Begin PBXFileReference section */
		04E3835129695FCF0070AC9B /* Feedback.app */ = {isa = PBXFileReference; explicitFileType = wrapper.application; includeInIndex = 0; path = Feedback.app; sourceTree = BUILT_PRODUCTS_DIR; };
		04E3835429695FCF0070AC9B /* FeedbackApp.swift */ = {isa = PBXFileReference; lastKnownFileType = sourcecode.swift; path = FeedbackApp.swift; sourceTree = "<group>"; };
		04E3835829695FD00070AC9B /* Assets.xcassets */ = {isa = PBXFileReference; lastKnownFileType = folder.assetcatalog; path = Assets.xcassets; sourceTree = "<group>"; };
		04E383642969607C0070AC9B /* RootView.swift */ = {isa = PBXFileReference; lastKnownFileType = sourcecode.swift; path = RootView.swift; sourceTree = "<group>"; };
		04E38366296960A10070AC9B /* View.swift */ = {isa = PBXFileReference; lastKnownFileType = sourcecode.swift; path = View.swift; sourceTree = "<group>"; };
		04E38368296961340070AC9B /* Font.swift */ = {isa = PBXFileReference; lastKnownFileType = sourcecode.swift; path = Font.swift; sourceTree = "<group>"; };
		04E3836D296962D90070AC9B /* ScanView.swift */ = {isa = PBXFileReference; lastKnownFileType = sourcecode.swift; path = ScanView.swift; sourceTree = "<group>"; };
		04E38373296963990070AC9B /* Haptics.swift */ = {isa = PBXFileReference; lastKnownFileType = sourcecode.swift; path = Haptics.swift; sourceTree = "<group>"; };
		04E383752969672E0070AC9B /* CompanyLogoView.swift */ = {isa = PBXFileReference; lastKnownFileType = sourcecode.swift; path = CompanyLogoView.swift; sourceTree = "<group>"; };
		04E38377296968A10070AC9B /* FeedbackView.swift */ = {isa = PBXFileReference; lastKnownFileType = sourcecode.swift; path = FeedbackView.swift; sourceTree = "<group>"; };
		04E38379296969D70070AC9B /* String.swift */ = {isa = PBXFileReference; lastKnownFileType = sourcecode.swift; path = String.swift; sourceTree = "<group>"; };
		04E3837B29696AB10070AC9B /* SuccessView.swift */ = {isa = PBXFileReference; lastKnownFileType = sourcecode.swift; path = SuccessView.swift; sourceTree = "<group>"; };
		04E3837F296973BC0070AC9B /* NameView.swift */ = {isa = PBXFileReference; lastKnownFileType = sourcecode.swift; path = NameView.swift; sourceTree = "<group>"; };
		04E383812969754E0070AC9B /* LogoView.swift */ = {isa = PBXFileReference; lastKnownFileType = sourcecode.swift; path = LogoView.swift; sourceTree = "<group>"; };
		04E38383296976140070AC9B /* PhotoPicker.swift */ = {isa = PBXFileReference; lastKnownFileType = sourcecode.swift; path = PhotoPicker.swift; sourceTree = "<group>"; };
		04E38385296979990070AC9B /* ConfirmLogoView.swift */ = {isa = PBXFileReference; lastKnownFileType = sourcecode.swift; path = ConfirmLogoView.swift; sourceTree = "<group>"; };
		04E3838B2969C8C00070AC9B /* Feedback.swift */ = {isa = PBXFileReference; lastKnownFileType = sourcecode.swift; path = Feedback.swift; sourceTree = "<group>"; };
		04E3838D2969C9580070AC9B /* Collection.swift */ = {isa = PBXFileReference; lastKnownFileType = sourcecode.swift; path = Collection.swift; sourceTree = "<group>"; };
		04E3838F2969CC740070AC9B /* Company.swift */ = {isa = PBXFileReference; lastKnownFileType = sourcecode.swift; path = Company.swift; sourceTree = "<group>"; };
		04E383912969CE190070AC9B /* SendVM.swift */ = {isa = PBXFileReference; lastKnownFileType = sourcecode.swift; path = SendVM.swift; sourceTree = "<group>"; };
		04E383932969CEC30070AC9B /* FeedbacksVM.swift */ = {isa = PBXFileReference; lastKnownFileType = sourcecode.swift; path = FeedbacksVM.swift; sourceTree = "<group>"; };
		04E383952969CECA0070AC9B /* CompaniesVM.swift */ = {isa = PBXFileReference; lastKnownFileType = sourcecode.swift; path = CompaniesVM.swift; sourceTree = "<group>"; };
/* End PBXFileReference section */

/* Begin PBXFrameworksBuildPhase section */
		04E3834E29695FCF0070AC9B /* Frameworks */ = {
			isa = PBXFrameworksBuildPhase;
			buildActionMask = 2147483647;
			files = (
				04E3839E296CD2710070AC9B /* FirebaseAuth in Frameworks */,
				04E383A0296CD2710070AC9B /* FirebaseFirestore in Frameworks */,
				04E383A2296CD2710070AC9B /* FirebaseStorage in Frameworks */,
			);
			runOnlyForDeploymentPostprocessing = 0;
		};
/* End PBXFrameworksBuildPhase section */

/* Begin PBXGroup section */
		04E3834829695FCE0070AC9B = {
			isa = PBXGroup;
			children = (
				04E3835329695FCF0070AC9B /* Feedback */,
				04E3835229695FCF0070AC9B /* Products */,
			);
			sourceTree = "<group>";
		};
		04E3835229695FCF0070AC9B /* Products */ = {
			isa = PBXGroup;
			children = (
				04E3835129695FCF0070AC9B /* Feedback.app */,
			);
			name = Products;
			sourceTree = "<group>";
		};
		04E3835329695FCF0070AC9B /* Feedback */ = {
			isa = PBXGroup;
			children = (
				04E3835429695FCF0070AC9B /* FeedbackApp.swift */,
				04E383882969C70E0070AC9B /* Views */,
				04E383992969CF4E0070AC9B /* Helpers */,
				04E383892969C72C0070AC9B /* Models */,
				04E3838A2969C7410070AC9B /* Extensions */,
				04E383872969C7030070AC9B /* Resources */,
			);
			path = Feedback;
			sourceTree = "<group>";
		};
		04E3836A2969614D0070AC9B /* Extra */ = {
			isa = PBXGroup;
			children = (
				04E3837B29696AB10070AC9B /* SuccessView.swift */,
			);
			path = Extra;
			sourceTree = "<group>";
		};
		04E3836B296962A10070AC9B /* Send */ = {
			isa = PBXGroup;
			children = (
				04E3836D296962D90070AC9B /* ScanView.swift */,
				04E383752969672E0070AC9B /* CompanyLogoView.swift */,
				04E38377296968A10070AC9B /* FeedbackView.swift */,
				04E383912969CE190070AC9B /* SendVM.swift */,
			);
			path = Send;
			sourceTree = "<group>";
		};
		04E3836C296962A70070AC9B /* Get */ = {
			isa = PBXGroup;
			children = (
				04E3837F296973BC0070AC9B /* NameView.swift */,
				04E383812969754E0070AC9B /* LogoView.swift */,
				04E38383296976140070AC9B /* PhotoPicker.swift */,
				04E38385296979990070AC9B /* ConfirmLogoView.swift */,
			);
			path = Get;
			sourceTree = "<group>";
		};
		04E383872969C7030070AC9B /* Resources */ = {
			isa = PBXGroup;
			children = (
				04E3835829695FD00070AC9B /* Assets.xcassets */,
			);
			path = Resources;
			sourceTree = "<group>";
		};
		04E383882969C70E0070AC9B /* Views */ = {
			isa = PBXGroup;
			children = (
				04E383642969607C0070AC9B /* RootView.swift */,
				04E3839B296CD00E0070AC9B /* Companies */,
				04E3839A2969CF5C0070AC9B /* Feedbacks */,
				04E3836C296962A70070AC9B /* Get */,
				04E3836B296962A10070AC9B /* Send */,
				04E3836A2969614D0070AC9B /* Extra */,
			);
			path = Views;
			sourceTree = "<group>";
		};
		04E383892969C72C0070AC9B /* Models */ = {
			isa = PBXGroup;
			children = (
				04E3838B2969C8C00070AC9B /* Feedback.swift */,
				04E3838F2969CC740070AC9B /* Company.swift */,
			);
			path = Models;
			sourceTree = "<group>";
		};
		04E3838A2969C7410070AC9B /* Extensions */ = {
			isa = PBXGroup;
			children = (
				04E38368296961340070AC9B /* Font.swift */,
				04E38379296969D70070AC9B /* String.swift */,
				04E38366296960A10070AC9B /* View.swift */,
				04E3838D2969C9580070AC9B /* Collection.swift */,
			);
			path = Extensions;
			sourceTree = "<group>";
		};
		04E383992969CF4E0070AC9B /* Helpers */ = {
			isa = PBXGroup;
			children = (
				04E38373296963990070AC9B /* Haptics.swift */,
			);
			path = Helpers;
			sourceTree = "<group>";
		};
		04E3839A2969CF5C0070AC9B /* Feedbacks */ = {
			isa = PBXGroup;
			children = (
				04E383932969CEC30070AC9B /* FeedbacksVM.swift */,
			);
			path = Feedbacks;
			sourceTree = "<group>";
		};
		04E3839B296CD00E0070AC9B /* Companies */ = {
			isa = PBXGroup;
			children = (
				04E383952969CECA0070AC9B /* CompaniesVM.swift */,
			);
			path = Companies;
			sourceTree = "<group>";
		};
/* End PBXGroup section */

/* Begin PBXNativeTarget section */
		04E3835029695FCF0070AC9B /* Feedback */ = {
			isa = PBXNativeTarget;
			buildConfigurationList = 04E3835F29695FD00070AC9B /* Build configuration list for PBXNativeTarget "Feedback" */;
			buildPhases = (
				04E3834D29695FCF0070AC9B /* Sources */,
				04E3834E29695FCF0070AC9B /* Frameworks */,
				04E3834F29695FCF0070AC9B /* Resources */,
			);
			buildRules = (
			);
			dependencies = (
			);
			name = Feedback;
			packageProductDependencies = (
				04E3839D296CD2710070AC9B /* FirebaseAuth */,
				04E3839F296CD2710070AC9B /* FirebaseFirestore */,
				04E383A1296CD2710070AC9B /* FirebaseStorage */,
			);
			productName = Feedback;
			productReference = 04E3835129695FCF0070AC9B /* Feedback.app */;
			productType = "com.apple.product-type.application";
		};
/* End PBXNativeTarget section */

/* Begin PBXProject section */
		04E3834929695FCF0070AC9B /* Project object */ = {
			isa = PBXProject;
			attributes = {
				BuildIndependentTargetsInParallel = 1;
				LastSwiftUpdateCheck = 1410;
				LastUpgradeCheck = 1410;
				TargetAttributes = {
					04E3835029695FCF0070AC9B = {
						CreatedOnToolsVersion = 14.1;
					};
				};
			};
			buildConfigurationList = 04E3834C29695FCF0070AC9B /* Build configuration list for PBXProject "Feedback" */;
			compatibilityVersion = "Xcode 14.0";
			developmentRegion = en;
			hasScannedForEncodings = 0;
			knownRegions = (
				en,
				Base,
			);
			mainGroup = 04E3834829695FCE0070AC9B;
			packageReferences = (
				04E3839C296CD2710070AC9B /* XCRemoteSwiftPackageReference "firebase-ios-sdk" */,
			);
			productRefGroup = 04E3835229695FCF0070AC9B /* Products */;
			projectDirPath = "";
			projectRoot = "";
			targets = (
				04E3835029695FCF0070AC9B /* Feedback */,
			);
		};
/* End PBXProject section */

/* Begin PBXResourcesBuildPhase section */
		04E3834F29695FCF0070AC9B /* Resources */ = {
			isa = PBXResourcesBuildPhase;
			buildActionMask = 2147483647;
			files = (
				04E3835929695FD00070AC9B /* Assets.xcassets in Resources */,
			);
			runOnlyForDeploymentPostprocessing = 0;
		};
/* End PBXResourcesBuildPhase section */

/* Begin PBXSourcesBuildPhase section */
		04E3834D29695FCF0070AC9B /* Sources */ = {
			isa = PBXSourcesBuildPhase;
			buildActionMask = 2147483647;
			files = (
				04E38384296976140070AC9B /* PhotoPicker.swift in Sources */,
				04E38369296961340070AC9B /* Font.swift in Sources */,
				04E3838E2969C9580070AC9B /* Collection.swift in Sources */,
				04E3837A296969D70070AC9B /* String.swift in Sources */,
				04E383962969CECA0070AC9B /* CompaniesVM.swift in Sources */,
				04E38378296968A10070AC9B /* FeedbackView.swift in Sources */,
				04E383652969607C0070AC9B /* RootView.swift in Sources */,
				04E3837C29696AB10070AC9B /* SuccessView.swift in Sources */,
				04E38380296973BC0070AC9B /* NameView.swift in Sources */,
				04E38374296963990070AC9B /* Haptics.swift in Sources */,
				04E38386296979990070AC9B /* ConfirmLogoView.swift in Sources */,
				04E383942969CEC30070AC9B /* FeedbacksVM.swift in Sources */,
				04E383922969CE190070AC9B /* SendVM.swift in Sources */,
				04E383902969CC740070AC9B /* Company.swift in Sources */,
				04E3836E296962D90070AC9B /* ScanView.swift in Sources */,
				04E3835529695FCF0070AC9B /* FeedbackApp.swift in Sources */,
				04E38367296960A10070AC9B /* View.swift in Sources */,
				04E383822969754E0070AC9B /* LogoView.swift in Sources */,
				04E3838C2969C8C00070AC9B /* Feedback.swift in Sources */,
				04E383762969672E0070AC9B /* CompanyLogoView.swift in Sources */,
			);
			runOnlyForDeploymentPostprocessing = 0;
		};
/* End PBXSourcesBuildPhase section */

/* Begin XCBuildConfiguration section */
		04E3835D29695FD00070AC9B /* Debug */ = {
			isa = XCBuildConfiguration;
			buildSettings = {
				ALWAYS_SEARCH_USER_PATHS = NO;
				CLANG_ANALYZER_NONNULL = YES;
				CLANG_ANALYZER_NUMBER_OBJECT_CONVERSION = YES_AGGRESSIVE;
				CLANG_CXX_LANGUAGE_STANDARD = "gnu++20";
				CLANG_ENABLE_MODULES = YES;
				CLANG_ENABLE_OBJC_ARC = YES;
				CLANG_ENABLE_OBJC_WEAK = YES;
				CLANG_WARN_BLOCK_CAPTURE_AUTORELEASING = YES;
				CLANG_WARN_BOOL_CONVERSION = YES;
				CLANG_WARN_COMMA = YES;
				CLANG_WARN_CONSTANT_CONVERSION = YES;
				CLANG_WARN_DEPRECATED_OBJC_IMPLEMENTATIONS = YES;
				CLANG_WARN_DIRECT_OBJC_ISA_USAGE = YES_ERROR;
				CLANG_WARN_DOCUMENTATION_COMMENTS = YES;
				CLANG_WARN_EMPTY_BODY = YES;
				CLANG_WARN_ENUM_CONVERSION = YES;
				CLANG_WARN_INFINITE_RECURSION = YES;
				CLANG_WARN_INT_CONVERSION = YES;
				CLANG_WARN_NON_LITERAL_NULL_CONVERSION = YES;
				CLANG_WARN_OBJC_IMPLICIT_RETAIN_SELF = YES;
				CLANG_WARN_OBJC_LITERAL_CONVERSION = YES;
				CLANG_WARN_OBJC_ROOT_CLASS = YES_ERROR;
				CLANG_WARN_QUOTED_INCLUDE_IN_FRAMEWORK_HEADER = YES;
				CLANG_WARN_RANGE_LOOP_ANALYSIS = YES;
				CLANG_WARN_STRICT_PROTOTYPES = YES;
				CLANG_WARN_SUSPICIOUS_MOVE = YES;
				CLANG_WARN_UNGUARDED_AVAILABILITY = YES_AGGRESSIVE;
				CLANG_WARN_UNREACHABLE_CODE = YES;
				CLANG_WARN__DUPLICATE_METHOD_MATCH = YES;
				COPY_PHASE_STRIP = NO;
				DEBUG_INFORMATION_FORMAT = dwarf;
				ENABLE_STRICT_OBJC_MSGSEND = YES;
				ENABLE_TESTABILITY = YES;
				GCC_C_LANGUAGE_STANDARD = gnu11;
				GCC_DYNAMIC_NO_PIC = NO;
				GCC_NO_COMMON_BLOCKS = YES;
				GCC_OPTIMIZATION_LEVEL = 0;
				GCC_PREPROCESSOR_DEFINITIONS = (
					"DEBUG=1",
					"$(inherited)",
				);
				GCC_WARN_64_TO_32_BIT_CONVERSION = YES;
				GCC_WARN_ABOUT_RETURN_TYPE = YES_ERROR;
				GCC_WARN_UNDECLARED_SELECTOR = YES;
				GCC_WARN_UNINITIALIZED_AUTOS = YES_AGGRESSIVE;
				GCC_WARN_UNUSED_FUNCTION = YES;
				GCC_WARN_UNUSED_VARIABLE = YES;
				IPHONEOS_DEPLOYMENT_TARGET = 16.1;
				MTL_ENABLE_DEBUG_INFO = INCLUDE_SOURCE;
				MTL_FAST_MATH = YES;
				ONLY_ACTIVE_ARCH = YES;
				SDKROOT = iphoneos;
				SWIFT_ACTIVE_COMPILATION_CONDITIONS = DEBUG;
				SWIFT_OPTIMIZATION_LEVEL = "-Onone";
			};
			name = Debug;
		};
		04E3835E29695FD00070AC9B /* Release */ = {
			isa = XCBuildConfiguration;
			buildSettings = {
				ALWAYS_SEARCH_USER_PATHS = NO;
				CLANG_ANALYZER_NONNULL = YES;
				CLANG_ANALYZER_NUMBER_OBJECT_CONVERSION = YES_AGGRESSIVE;
				CLANG_CXX_LANGUAGE_STANDARD = "gnu++20";
				CLANG_ENABLE_MODULES = YES;
				CLANG_ENABLE_OBJC_ARC = YES;
				CLANG_ENABLE_OBJC_WEAK = YES;
				CLANG_WARN_BLOCK_CAPTURE_AUTORELEASING = YES;
				CLANG_WARN_BOOL_CONVERSION = YES;
				CLANG_WARN_COMMA = YES;
				CLANG_WARN_CONSTANT_CONVERSION = YES;
				CLANG_WARN_DEPRECATED_OBJC_IMPLEMENTATIONS = YES;
				CLANG_WARN_DIRECT_OBJC_ISA_USAGE = YES_ERROR;
				CLANG_WARN_DOCUMENTATION_COMMENTS = YES;
				CLANG_WARN_EMPTY_BODY = YES;
				CLANG_WARN_ENUM_CONVERSION = YES;
				CLANG_WARN_INFINITE_RECURSION = YES;
				CLANG_WARN_INT_CONVERSION = YES;
				CLANG_WARN_NON_LITERAL_NULL_CONVERSION = YES;
				CLANG_WARN_OBJC_IMPLICIT_RETAIN_SELF = YES;
				CLANG_WARN_OBJC_LITERAL_CONVERSION = YES;
				CLANG_WARN_OBJC_ROOT_CLASS = YES_ERROR;
				CLANG_WARN_QUOTED_INCLUDE_IN_FRAMEWORK_HEADER = YES;
				CLANG_WARN_RANGE_LOOP_ANALYSIS = YES;
				CLANG_WARN_STRICT_PROTOTYPES = YES;
				CLANG_WARN_SUSPICIOUS_MOVE = YES;
				CLANG_WARN_UNGUARDED_AVAILABILITY = YES_AGGRESSIVE;
				CLANG_WARN_UNREACHABLE_CODE = YES;
				CLANG_WARN__DUPLICATE_METHOD_MATCH = YES;
				COPY_PHASE_STRIP = NO;
				DEBUG_INFORMATION_FORMAT = "dwarf-with-dsym";
				ENABLE_NS_ASSERTIONS = NO;
				ENABLE_STRICT_OBJC_MSGSEND = YES;
				GCC_C_LANGUAGE_STANDARD = gnu11;
				GCC_NO_COMMON_BLOCKS = YES;
				GCC_WARN_64_TO_32_BIT_CONVERSION = YES;
				GCC_WARN_ABOUT_RETURN_TYPE = YES_ERROR;
				GCC_WARN_UNDECLARED_SELECTOR = YES;
				GCC_WARN_UNINITIALIZED_AUTOS = YES_AGGRESSIVE;
				GCC_WARN_UNUSED_FUNCTION = YES;
				GCC_WARN_UNUSED_VARIABLE = YES;
				IPHONEOS_DEPLOYMENT_TARGET = 16.1;
				MTL_ENABLE_DEBUG_INFO = NO;
				MTL_FAST_MATH = YES;
				SDKROOT = iphoneos;
				SWIFT_COMPILATION_MODE = wholemodule;
				SWIFT_OPTIMIZATION_LEVEL = "-O";
				VALIDATE_PRODUCT = YES;
			};
			name = Release;
		};
		04E3836029695FD00070AC9B /* Debug */ = {
			isa = XCBuildConfiguration;
			buildSettings = {
				ASSETCATALOG_COMPILER_APPICON_NAME = AppIcon;
				ASSETCATALOG_COMPILER_GLOBAL_ACCENT_COLOR_NAME = AccentColor;
				CODE_SIGN_STYLE = Automatic;
				CURRENT_PROJECT_VERSION = 1;
				DEVELOPMENT_ASSET_PATHS = "";
				DEVELOPMENT_TEAM = 4CQW4CFFYT;
				ENABLE_PREVIEWS = YES;
				GENERATE_INFOPLIST_FILE = YES;
				INFOPLIST_KEY_NSCameraUsageDescription = "Your camera is used to allow you to scan Feedback QR Codes";
				INFOPLIST_KEY_NSPhotoLibraryUsageDescription = "You can select a logo from your photo library";
				INFOPLIST_KEY_UIApplicationSceneManifest_Generation = YES;
				INFOPLIST_KEY_UIApplicationSupportsIndirectInputEvents = YES;
				INFOPLIST_KEY_UILaunchScreen_Generation = YES;
				INFOPLIST_KEY_UISupportedInterfaceOrientations_iPad = "UIInterfaceOrientationPortrait UIInterfaceOrientationPortraitUpsideDown UIInterfaceOrientationLandscapeLeft UIInterfaceOrientationLandscapeRight";
				INFOPLIST_KEY_UISupportedInterfaceOrientations_iPhone = "UIInterfaceOrientationPortrait UIInterfaceOrientationLandscapeLeft UIInterfaceOrientationLandscapeRight";
				IPHONEOS_DEPLOYMENT_TARGET = 15.0;
				LD_RUNPATH_SEARCH_PATHS = (
					"$(inherited)",
					"@executable_path/Frameworks",
				);
				MARKETING_VERSION = 1.0;
				PRODUCT_BUNDLE_IDENTIFIER = com.jackfinnis.Feedback;
				PRODUCT_NAME = "$(TARGET_NAME)";
				SWIFT_EMIT_LOC_STRINGS = YES;
				SWIFT_VERSION = 5.0;
				TARGETED_DEVICE_FAMILY = "1,2";
			};
			name = Debug;
		};
		04E3836129695FD00070AC9B /* Release */ = {
			isa = XCBuildConfiguration;
			buildSettings = {
				ASSETCATALOG_COMPILER_APPICON_NAME = AppIcon;
				ASSETCATALOG_COMPILER_GLOBAL_ACCENT_COLOR_NAME = AccentColor;
				CODE_SIGN_STYLE = Automatic;
				CURRENT_PROJECT_VERSION = 1;
				DEVELOPMENT_ASSET_PATHS = "";
				DEVELOPMENT_TEAM = 4CQW4CFFYT;
				ENABLE_PREVIEWS = YES;
				GENERATE_INFOPLIST_FILE = YES;
				INFOPLIST_KEY_NSCameraUsageDescription = "Your camera is used to allow you to scan Feedback QR Codes";
				INFOPLIST_KEY_NSPhotoLibraryUsageDescription = "You can select a logo from your photo library";
				INFOPLIST_KEY_UIApplicationSceneManifest_Generation = YES;
				INFOPLIST_KEY_UIApplicationSupportsIndirectInputEvents = YES;
				INFOPLIST_KEY_UILaunchScreen_Generation = YES;
				INFOPLIST_KEY_UISupportedInterfaceOrientations_iPad = "UIInterfaceOrientationPortrait UIInterfaceOrientationPortraitUpsideDown UIInterfaceOrientationLandscapeLeft UIInterfaceOrientationLandscapeRight";
				INFOPLIST_KEY_UISupportedInterfaceOrientations_iPhone = "UIInterfaceOrientationPortrait UIInterfaceOrientationLandscapeLeft UIInterfaceOrientationLandscapeRight";
				IPHONEOS_DEPLOYMENT_TARGET = 15.0;
				LD_RUNPATH_SEARCH_PATHS = (
					"$(inherited)",
					"@executable_path/Frameworks",
				);
				MARKETING_VERSION = 1.0;
				PRODUCT_BUNDLE_IDENTIFIER = com.jackfinnis.Feedback;
				PRODUCT_NAME = "$(TARGET_NAME)";
				SWIFT_EMIT_LOC_STRINGS = YES;
				SWIFT_VERSION = 5.0;
				TARGETED_DEVICE_FAMILY = "1,2";
			};
			name = Release;
		};
/* End XCBuildConfiguration section */

/* Begin XCConfigurationList section */
		04E3834C29695FCF0070AC9B /* Build configuration list for PBXProject "Feedback" */ = {
			isa = XCConfigurationList;
			buildConfigurations = (
				04E3835D29695FD00070AC9B /* Debug */,
				04E3835E29695FD00070AC9B /* Release */,
			);
			defaultConfigurationIsVisible = 0;
			defaultConfigurationName = Release;
		};
		04E3835F29695FD00070AC9B /* Build configuration list for PBXNativeTarget "Feedback" */ = {
			isa = XCConfigurationList;
			buildConfigurations = (
				04E3836029695FD00070AC9B /* Debug */,
				04E3836129695FD00070AC9B /* Release */,
			);
			defaultConfigurationIsVisible = 0;
			defaultConfigurationName = Release;
		};
/* End XCConfigurationList section */

/* Begin XCRemoteSwiftPackageReference section */
		04E3839C296CD2710070AC9B /* XCRemoteSwiftPackageReference "firebase-ios-sdk" */ = {
			isa = XCRemoteSwiftPackageReference;
			repositoryURL = "https://github.com/firebase/firebase-ios-sdk.git";
			requirement = {
				kind = upToNextMinorVersion;
				minimumVersion = 9.6.0;
			};
		};
/* End XCRemoteSwiftPackageReference section */

/* Begin XCSwiftPackageProductDependency section */
		04E3839D296CD2710070AC9B /* FirebaseAuth */ = {
			isa = XCSwiftPackageProductDependency;
			package = 04E3839C296CD2710070AC9B /* XCRemoteSwiftPackageReference "firebase-ios-sdk" */;
			productName = FirebaseAuth;
		};
		04E3839F296CD2710070AC9B /* FirebaseFirestore */ = {
			isa = XCSwiftPackageProductDependency;
			package = 04E3839C296CD2710070AC9B /* XCRemoteSwiftPackageReference "firebase-ios-sdk" */;
			productName = FirebaseFirestore;
		};
		04E383A1296CD2710070AC9B /* FirebaseStorage */ = {
			isa = XCSwiftPackageProductDependency;
			package = 04E3839C296CD2710070AC9B /* XCRemoteSwiftPackageReference "firebase-ios-sdk" */;
			productName = FirebaseStorage;
		};
/* End XCSwiftPackageProductDependency section */
	};
	rootObject = 04E3834929695FCF0070AC9B /* Project object */;
}
